# This file is automatically @generated by Cargo.
# It is not intended for manual editing.
[[package]]
name = "bare-metal"
version = "0.2.4"
source = "registry+https://github.com/rust-lang/crates.io-index"
dependencies = [
 "rustc_version 0.2.3 (registry+https://github.com/rust-lang/crates.io-index)",
]

[[package]]
name = "bit_field"
version = "0.9.0"
source = "registry+https://github.com/rust-lang/crates.io-index"

[[package]]
name = "bitflags"
version = "1.1.0"
source = "registry+https://github.com/rust-lang/crates.io-index"

[[package]]
name = "bitvec"
version = "0.9.0"
source = "registry+https://github.com/rust-lang/crates.io-index"

[[package]]
name = "buddy_system_allocator"
version = "0.1.2"
source = "registry+https://github.com/rust-lang/crates.io-index"
dependencies = [
 "spin 0.5.0 (registry+https://github.com/rust-lang/crates.io-index)",
]

[[package]]
name = "cc"
version = "1.0.37"
source = "registry+https://github.com/rust-lang/crates.io-index"

[[package]]
name = "cfg-if"
version = "0.1.9"
source = "registry+https://github.com/rust-lang/crates.io-index"

[[package]]
name = "device_tree"
version = "1.0.3"
source = "git+https://github.com/rcore-os/device_tree-rs#2fa8411c421c6b4761992fd3d1a9b2427bf0cfc4"

[[package]]
name = "lazy_static"
version = "1.3.0"
source = "registry+https://github.com/rust-lang/crates.io-index"
dependencies = [
 "spin 0.5.0 (registry+https://github.com/rust-lang/crates.io-index)",
]

[[package]]
name = "log"
version = "0.4.6"
source = "registry+https://github.com/rust-lang/crates.io-index"
dependencies = [
 "cfg-if 0.1.9 (registry+https://github.com/rust-lang/crates.io-index)",
]

[[package]]
name = "rcore-fs"
version = "0.1.0"
source = "git+https://github.com/rcore-os/rcore-fs#b098983155c9a26e36ae9d07e8eb3dac250a5cc6"
dependencies = [
 "spin 0.5.0 (registry+https://github.com/rust-lang/crates.io-index)",
]

[[package]]
name = "rcore-fs-sfs"
version = "0.1.0"
source = "git+https://github.com/rcore-os/rcore-fs#b098983155c9a26e36ae9d07e8eb3dac250a5cc6"
dependencies = [
 "bitvec 0.9.0 (registry+https://github.com/rust-lang/crates.io-index)",
 "log 0.4.6 (registry+https://github.com/rust-lang/crates.io-index)",
 "rcore-fs 0.1.0 (git+https://github.com/rcore-os/rcore-fs)",
 "spin 0.4.10 (registry+https://github.com/rust-lang/crates.io-index)",
 "static_assertions 0.3.3 (registry+https://github.com/rust-lang/crates.io-index)",
]

[[package]]
name = "rcore32"
version = "0.1.0"
dependencies = [
 "bit_field 0.9.0 (registry+https://github.com/rust-lang/crates.io-index)",
 "bitflags 1.1.0 (registry+https://github.com/rust-lang/crates.io-index)",
 "buddy_system_allocator 0.1.2 (registry+https://github.com/rust-lang/crates.io-index)",
 "cc 1.0.37 (registry+https://github.com/rust-lang/crates.io-index)",
 "device_tree 1.0.3 (git+https://github.com/rcore-os/device_tree-rs)",
 "lazy_static 1.3.0 (registry+https://github.com/rust-lang/crates.io-index)",
 "rcore-fs 0.1.0 (git+https://github.com/rcore-os/rcore-fs)",
 "rcore-fs-sfs 0.1.0 (git+https://github.com/rcore-os/rcore-fs)",
 "riscv 0.5.0 (git+https://github.com/rcore-os/riscv)",
 "spin 0.5.0 (registry+https://github.com/rust-lang/crates.io-index)",
 "xmas-elf 0.6.2 (registry+https://github.com/rust-lang/crates.io-index)",
]

[[package]]
name = "riscv"
version = "0.5.0"
source = "git+https://github.com/rcore-os/riscv#c62af4642b4bd62a8a714119ab061e82be68f80f"
dependencies = [
 "bare-metal 0.2.4 (registry+https://github.com/rust-lang/crates.io-index)",
 "bit_field 0.9.0 (registry+https://github.com/rust-lang/crates.io-index)",
 "bitflags 1.1.0 (registry+https://github.com/rust-lang/crates.io-index)",
 "log 0.4.6 (registry+https://github.com/rust-lang/crates.io-index)",
]

[[package]]
name = "rustc_version"
version = "0.2.3"
source = "registry+https://github.com/rust-lang/crates.io-index"
dependencies = [
 "semver 0.9.0 (registry+https://github.com/rust-lang/crates.io-index)",
]

[[package]]
name = "semver"
version = "0.9.0"
source = "registry+https://github.com/rust-lang/crates.io-index"
dependencies = [
 "semver-parser 0.7.0 (registry+https://github.com/rust-lang/crates.io-index)",
]

[[package]]
name = "semver-parser"
version = "0.7.0"
source = "registry+https://github.com/rust-lang/crates.io-index"

[[package]]
name = "spin"
version = "0.4.10"
source = "registry+https://github.com/rust-lang/crates.io-index"

[[package]]
name = "spin"
version = "0.5.0"
source = "registry+https://github.com/rust-lang/crates.io-index"

[[package]]
name = "static_assertions"
version = "0.3.3"
source = "registry+https://github.com/rust-lang/crates.io-index"

[[package]]
name = "xmas-elf"
version = "0.6.2"
source = "registry+https://github.com/rust-lang/crates.io-index"
dependencies = [
 "zero 0.1.2 (registry+https://github.com/rust-lang/crates.io-index)",
]

[[package]]
name = "zero"
version = "0.1.2"
source = "registry+https://github.com/rust-lang/crates.io-index"

[metadata]
"checksum bare-metal 0.2.4 (registry+https://github.com/rust-lang/crates.io-index)" = "a3caf393d93b2d453e80638d0674597020cef3382ada454faacd43d1a55a735a"
"checksum bit_field 0.9.0 (registry+https://github.com/rust-lang/crates.io-index)" = "ed8765909f9009617974ab6b7d332625b320b33c326b1e9321382ef1999b5d56"
"checksum bitflags 1.1.0 (registry+https://github.com/rust-lang/crates.io-index)" = "3d155346769a6855b86399e9bc3814ab343cd3d62c7e985113d46a0ec3c281fd"
"checksum bitvec 0.9.0 (registry+https://github.com/rust-lang/crates.io-index)" = "cfadef5c4e2c2e64067b9ecc061179f12ac7ec65ba613b1f60f3972bbada1f5b"
"checksum buddy_system_allocator 0.1.2 (registry+https://github.com/rust-lang/crates.io-index)" = "2ed828f1e227d6e32b998d6375b67fd63ac5389d50b23f258ce151d22b6cc595"
"checksum cc 1.0.37 (registry+https://github.com/rust-lang/crates.io-index)" = "39f75544d7bbaf57560d2168f28fd649ff9c76153874db88bdbdfd839b1a7e7d"
"checksum cfg-if 0.1.9 (registry+https://github.com/rust-lang/crates.io-index)" = "b486ce3ccf7ffd79fdeb678eac06a9e6c09fc88d33836340becb8fffe87c5e33"
"checksum device_tree 1.0.3 (git+https://github.com/rcore-os/device_tree-rs)" = "<none>"
"checksum lazy_static 1.3.0 (registry+https://github.com/rust-lang/crates.io-index)" = "bc5729f27f159ddd61f4df6228e827e86643d4d3e7c32183cb30a1c08f604a14"
"checksum log 0.4.6 (registry+https://github.com/rust-lang/crates.io-index)" = "c84ec4b527950aa83a329754b01dbe3f58361d1c5efacd1f6d68c494d08a17c6"
"checksum rcore-fs 0.1.0 (git+https://github.com/rcore-os/rcore-fs)" = "<none>"
"checksum rcore-fs-sfs 0.1.0 (git+https://github.com/rcore-os/rcore-fs)" = "<none>"
"checksum riscv 0.5.0 (git+https://github.com/rcore-os/riscv)" = "<none>"
"checksum rustc_version 0.2.3 (registry+https://github.com/rust-lang/crates.io-index)" = "138e3e0acb6c9fb258b19b67cb8abd63c00679d2851805ea151465464fe9030a"
"checksum semver 0.9.0 (registry+https://github.com/rust-lang/crates.io-index)" = "1d7eb9ef2c18661902cc47e535f9bc51b78acd254da71d375c2f6720d9a40403"
"checksum semver-parser 0.7.0 (registry+https://github.com/rust-lang/crates.io-index)" = "388a1df253eca08550bef6c72392cfe7c30914bf41df5269b68cbd6ff8f570a3"
"checksum spin 0.4.10 (registry+https://github.com/rust-lang/crates.io-index)" = "ceac490aa12c567115b40b7b7fceca03a6c9d53d5defea066123debc83c5dc1f"
"checksum spin 0.5.0 (registry+https://github.com/rust-lang/crates.io-index)" = "44363f6f51401c34e7be73db0db371c04705d35efbe9f7d6082e03a921a32c55"
"checksum static_assertions 0.3.3 (registry+https://github.com/rust-lang/crates.io-index)" = "b4f8de36da215253eb5f24020bfaa0646613b48bf7ebe36cdfa37c3b3b33b241"
"checksum xmas-elf 0.6.2 (registry+https://github.com/rust-lang/crates.io-index)" = "22678df5df766e8d1e5d609da69f0c3132d794edf6ab5e75e7abcd2270d4cf58"
"checksum zero 0.1.2 (registry+https://github.com/rust-lang/crates.io-index)" = "5f1bc8a6b2005884962297587045002d8cfb8dcec9db332f4ca216ddc5de82c5"
